
Microsoft Visual Studio Solution File, Format Version 12.00
# Visual Studio 14
VisualStudioVersion = 14.0.22310.1
MinimumVisualStudioVersion = 10.0.40219.1
Project("{2150E333-8FDC-42A3-9474-1A3956D46DE8}") = ".paket", ".paket", "{9897DA35-A005-4B81-AC9B-E28F9942C372}"
	ProjectSection(SolutionItems) = preProject
		..\paket.dependencies = ..\paket.dependencies
		paket.dependencies = paket.dependencies
	EndProjectSection
EndProject
Project("{F2A71F9B-5D33-465A-A702-920D77279786}") = "BankOCRKata", "BankOCRKata\BankOCRKata.fsproj", "{D05CB8F1-800F-45A6-BFDA-5DCFA15D6F7F}"
EndProject
Project("{F2A71F9B-5D33-465A-A702-920D77279786}") = "BankOCRKata.Console", "BankOCRKata.Console\BankOCRKata.Console.fsproj", "{A8B779BB-33B4-4D20-BD2C-7E8E8AF552FD}"
EndProject
Project("{F2A71F9B-5D33-465A-A702-920D77279786}") = "BankOCRKata.App", "BankOCRKata.App\BankOCRKata.App.fsproj", "{405F3B5A-B2B2-4121-8937-50F7A430A2D8}"
EndProject
Project("{F2A71F9B-5D33-465A-A702-920D77279786}") = "BankOCRKata.Tests", "BankOCRKata.Tests\BankOCRKata.Tests.fsproj", "{CC3BE17C-63BF-4EA4-AE44-0105C1641304}"
EndProject
Project("{2150E333-8FDC-42A3-9474-1A3956D46DE8}") = ".nuget", ".nuget", "{CA283435-D39B-4676-8D1F-94692E8E7280}"
EndProject
Global
	GlobalSection(SolutionConfigurationPlatforms) = preSolution
		Debug|Any CPU = Debug|Any CPU
		Debug|Mixed Platforms = Debug|Mixed Platforms
		Debug|x86 = Debug|x86
		Release|Any CPU = Release|Any CPU
		Release|Mixed Platforms = Release|Mixed Platforms
		Release|x86 = Release|x86
	EndGlobalSection
	GlobalSection(ProjectConfigurationPlatforms) = postSolution
		{D05CB8F1-800F-45A6-BFDA-5DCFA15D6F7F}.Debug|Any CPU.ActiveCfg = Debug|Any CPU
		{D05CB8F1-800F-45A6-BFDA-5DCFA15D6F7F}.Debug|Any CPU.Build.0 = Debug|Any CPU
		{D05CB8F1-800F-45A6-BFDA-5DCFA15D6F7F}.Debug|Mixed Platforms.ActiveCfg = Debug|Any CPU
		{D05CB8F1-800F-45A6-BFDA-5DCFA15D6F7F}.Debug|Mixed Platforms.Build.0 = Debug|Any CPU
		{D05CB8F1-800F-45A6-BFDA-5DCFA15D6F7F}.Debug|x86.ActiveCfg = Debug|Any CPU
		{D05CB8F1-800F-45A6-BFDA-5DCFA15D6F7F}.Release|Any CPU.ActiveCfg = Release|Any CPU
		{D05CB8F1-800F-45A6-BFDA-5DCFA15D6F7F}.Release|Any CPU.Build.0 = Release|Any CPU
		{D05CB8F1-800F-45A6-BFDA-5DCFA15D6F7F}.Release|Mixed Platforms.ActiveCfg = Release|Any CPU
		{D05CB8F1-800F-45A6-BFDA-5DCFA15D6F7F}.Release|Mixed Platforms.Build.0 = Release|Any CPU
		{D05CB8F1-800F-45A6-BFDA-5DCFA15D6F7F}.Release|x86.ActiveCfg = Release|Any CPU
		{A8B779BB-33B4-4D20-BD2C-7E8E8AF552FD}.Debug|Any CPU.ActiveCfg = Debug|Any CPU
		{A8B779BB-33B4-4D20-BD2C-7E8E8AF552FD}.Debug|Any CPU.Build.0 = Debug|Any CPU
		{A8B779BB-33B4-4D20-BD2C-7E8E8AF552FD}.Debug|Mixed Platforms.ActiveCfg = Debug|Any CPU
		{A8B779BB-33B4-4D20-BD2C-7E8E8AF552FD}.Debug|Mixed Platforms.Build.0 = Debug|Any CPU
		{A8B779BB-33B4-4D20-BD2C-7E8E8AF552FD}.Debug|x86.ActiveCfg = Debug|Any CPU
		{A8B779BB-33B4-4D20-BD2C-7E8E8AF552FD}.Release|Any CPU.ActiveCfg = Release|Any CPU
		{A8B779BB-33B4-4D20-BD2C-7E8E8AF552FD}.Release|Any CPU.Build.0 = Release|Any CPU
		{A8B779BB-33B4-4D20-BD2C-7E8E8AF552FD}.Release|Mixed Platforms.ActiveCfg = Release|Any CPU
		{A8B779BB-33B4-4D20-BD2C-7E8E8AF552FD}.Release|Mixed Platforms.Build.0 = Release|Any CPU
		{A8B779BB-33B4-4D20-BD2C-7E8E8AF552FD}.Release|x86.ActiveCfg = Release|Any CPU
		{405F3B5A-B2B2-4121-8937-50F7A430A2D8}.Debug|Any CPU.ActiveCfg = Debug|x86
		{405F3B5A-B2B2-4121-8937-50F7A430A2D8}.Debug|Mixed Platforms.ActiveCfg = Debug|x86
		{405F3B5A-B2B2-4121-8937-50F7A430A2D8}.Debug|Mixed Platforms.Build.0 = Debug|x86
		{405F3B5A-B2B2-4121-8937-50F7A430A2D8}.Debug|x86.ActiveCfg = Debug|x86
		{405F3B5A-B2B2-4121-8937-50F7A430A2D8}.Debug|x86.Build.0 = Debug|x86
		{405F3B5A-B2B2-4121-8937-50F7A430A2D8}.Release|Any CPU.ActiveCfg = Release|x86
		{405F3B5A-B2B2-4121-8937-50F7A430A2D8}.Release|Mixed Platforms.ActiveCfg = Release|x86
		{405F3B5A-B2B2-4121-8937-50F7A430A2D8}.Release|Mixed Platforms.Build.0 = Release|x86
		{405F3B5A-B2B2-4121-8937-50F7A430A2D8}.Release|x86.ActiveCfg = Release|x86
		{405F3B5A-B2B2-4121-8937-50F7A430A2D8}.Release|x86.Build.0 = Release|x86
		{CC3BE17C-63BF-4EA4-AE44-0105C1641304}.Debug|Any CPU.ActiveCfg = Debug|Any CPU
		{CC3BE17C-63BF-4EA4-AE44-0105C1641304}.Debug|Any CPU.Build.0 = Debug|Any CPU
		{CC3BE17C-63BF-4EA4-AE44-0105C1641304}.Debug|Mixed Platforms.ActiveCfg = Debug|Any CPU
		{CC3BE17C-63BF-4EA4-AE44-0105C1641304}.Debug|Mixed Platforms.Build.0 = Debug|Any CPU
		{CC3BE17C-63BF-4EA4-AE44-0105C1641304}.Debug|x86.ActiveCfg = Debug|Any CPU
		{CC3BE17C-63BF-4EA4-AE44-0105C1641304}.Release|Any CPU.ActiveCfg = Release|Any CPU
		{CC3BE17C-63BF-4EA4-AE44-0105C1641304}.Release|Any CPU.Build.0 = Release|Any CPU
		{CC3BE17C-63BF-4EA4-AE44-0105C1641304}.Release|Mixed Platforms.ActiveCfg = Release|Any CPU
		{CC3BE17C-63BF-4EA4-AE44-0105C1641304}.Release|Mixed Platforms.Build.0 = Release|Any CPU
		{CC3BE17C-63BF-4EA4-AE44-0105C1641304}.Release|x86.ActiveCfg = Release|Any CPU
	EndGlobalSection
	GlobalSection(SolutionProperties) = preSolution
		HideSolutionNode = FALSE
	EndGlobalSection
EndGlobal
